{
    "_readme": [
        "This file locks the dependencies of your project to a known state",
        "Read more about it at https://getcomposer.org/doc/01-basic-usage.md#installing-dependencies",
        "This file is @generated automatically"
    ],
    "content-hash": "8d813931b318f63554477f9c4a61c7c4",
    "packages": [
        {
            "name": "michelf/php-markdown",
            "version": "1.9.1",
            "source": {
                "type": "git",
                "url": "https://github.com/michelf/php-markdown.git",
                "reference": "5024d623c1a057dcd2d076d25b7d270a1d0d55f3"
            },
            "dist": {
                "type": "zip",
                "url": "https://api.github.com/repos/michelf/php-markdown/zipball/5024d623c1a057dcd2d076d25b7d270a1d0d55f3",
                "reference": "5024d623c1a057dcd2d076d25b7d270a1d0d55f3",
                "shasum": ""
            },
            "require": {
                "php": ">=5.3.0"
            },
            "require-dev": {
                "phpunit/phpunit": ">=4.3 <5.8"
            },
            "type": "library",
            "autoload": {
                "psr-4": {
                    "Michelf\\": "Michelf/"
                }
            },
            "notification-url": "https://packagist.org/downloads/",
            "license": [
                "BSD-3-Clause"
            ],
            "authors": [
                {
                    "name": "Michel Fortin",
                    "email": "michel.fortin@michelf.ca",
                    "homepage": "https://michelf.ca/",
                    "role": "Developer"
                },
                {
                    "name": "John Gruber",
                    "homepage": "https://daringfireball.net/"
                }
            ],
            "description": "PHP Markdown",
            "homepage": "https://michelf.ca/projects/php-markdown/",
            "keywords": [
                "markdown"
            ],
            "support": {
                "issues": "https://github.com/michelf/php-markdown/issues",
                "source": "https://github.com/michelf/php-markdown/tree/1.9.1"
            },
            "time": "2021-11-24T02:52:38+00:00"
        },
        {
            "name": "p3k/slim-savant",
            "version": "0.1.0",
            "source": {
                "type": "git",
                "url": "https://github.com/aaronpk/Slim-Savant.git",
                "reference": "129291da1223f5c95ad8f4e1bca21901ae45e53e"
            },
            "dist": {
                "type": "zip",
                "url": "https://api.github.com/repos/aaronpk/Slim-Savant/zipball/129291da1223f5c95ad8f4e1bca21901ae45e53e",
                "reference": "129291da1223f5c95ad8f4e1bca21901ae45e53e",
                "shasum": ""
            },
            "require": {
                "php": ">5.3.0",
                "saltybeagle/savant3": "dev-master",
                "slim/slim": ">=2.4.0"
            },
            "type": "library",
            "autoload": {
                "files": [
                    "Savant.php",
                    "SlimSavant.php"
                ]
            },
            "notification-url": "https://packagist.org/downloads/",
            "license": [
                "Apache 2.0"
            ],
            "authors": [
                {
                    "name": "Aaron Parecki",
                    "homepage": "http://aaronparecki.com"
                }
            ],
            "description": "Savant renderer for Slim",
            "time": "2015-07-21T01:40:52+00:00"
        },
        {
            "name": "p3k/timezone",
            "version": "0.1.0",
            "source": {
                "type": "git",
                "url": "https://github.com/aaronpk/p3k-timezone.git",
                "reference": "68d3490d896f98cf0727dc937f0bb6b045050c83"
            },
            "dist": {
                "type": "zip",
                "url": "https://api.github.com/repos/aaronpk/p3k-timezone/zipball/68d3490d896f98cf0727dc937f0bb6b045050c83",
                "reference": "68d3490d896f98cf0727dc937f0bb6b045050c83",
                "shasum": ""
            },
            "require": {
                "php": ">=5.4.0"
            },
            "type": "library",
            "autoload": {
                "files": [
                    "src/p3k/Timezone.php"
                ]
            },
            "notification-url": "https://packagist.org/downloads/",
            "license": [
                "Apache-2.0"
            ],
            "authors": [
                {
                    "name": "Aaron Parecki",
                    "homepage": "https://aaronparecki.com"
                }
            ],
            "description": "Find the timezone of a given location",
            "homepage": "https://github.com/aaronpk/p3k-timezone",
            "keywords": [
                "date",
                "p3k",
                "timezone"
            ],
            "time": "2017-01-12T17:30:08+00:00"
        },
        {
            "name": "saltybeagle/savant3",
            "version": "dev-master",
            "source": {
                "type": "git",
                "url": "https://github.com/saltybeagle/Savant3.git",
                "reference": "ebf4385bf44bec8c7a169571ac178f626017c466"
            },
            "dist": {
                "type": "zip",
                "url": "https://api.github.com/repos/saltybeagle/Savant3/zipball/ebf4385bf44bec8c7a169571ac178f626017c466",
                "reference": "ebf4385bf44bec8c7a169571ac178f626017c466",
                "shasum": ""
            },
            "type": "library",
            "autoload": {
                "classmap": [
                    "Savant3.php",
                    "Savant3",
                    "Savant3/resources"
                ]
            },
            "notification-url": "https://packagist.org/downloads/",
            "license": [
                "LGPL"
            ],
            "authors": [
                {
                    "name": "Brett Bieber",
                    "email": "brett.bieber@gmail.com"
                }
            ],
            "description": "Savant3 template engine",
            "time": "2014-01-07T17:10:32+00:00"
        },
        {
            "name": "slim/slim",
            "version": "2.6.3",
            "source": {
                "type": "git",
                "url": "https://github.com/slimphp/Slim.git",
                "reference": "9224ed81ac1c412881e8d762755e3d76ebf580c0"
            },
            "dist": {
                "type": "zip",
                "url": "https://api.github.com/repos/slimphp/Slim/zipball/9224ed81ac1c412881e8d762755e3d76ebf580c0",
                "reference": "9224ed81ac1c412881e8d762755e3d76ebf580c0",
                "shasum": ""
            },
            "require": {
                "php": ">=5.3.0"
            },
            "suggest": {
                "ext-mcrypt": "Required for HTTP cookie encryption",
                "phpseclib/mcrypt_compat": "Polyfil for mcrypt extension"
            },
            "type": "library",
            "autoload": {
                "psr-0": {
                    "Slim": "."
                }
            },
            "notification-url": "https://packagist.org/downloads/",
            "license": [
                "MIT"
            ],
            "authors": [
                {
                    "name": "Josh Lockhart",
                    "email": "info@joshlockhart.com",
                    "homepage": "http://www.joshlockhart.com/"
                }
            ],
            "description": "Slim Framework, a PHP micro framework",
            "homepage": "http://github.com/codeguy/Slim",
            "keywords": [
                "microframework",
                "rest",
                "router"
            ],
            "time": "2017-01-07T12:21:41+00:00"
        }
    ],
    "packages-dev": [],
    "aliases": [],
    "minimum-stability": "stable",
    "stability-flags": {
        "saltybeagle/savant3": 20
    },
    "prefer-stable": false,
    "prefer-lowest": false,
    "platform": [],
    "platform-dev": [],
    "plugin-api-version": "2.3.0"
}
